// !$*UTF8*$!
{
	archiveVersion = 1;
	classes = {
	};
	objectVersion = 51;
	objects = {

/* Begin PBXBuildFile section */
		3799491F2469875100742352 /* AppDelegate.swift in Sources */ = {isa = PBXBuildFile; fileRef = 3799491E2469875100742352 /* AppDelegate.swift */; };
		379949212469875100742352 /* SceneDelegate.swift in Sources */ = {isa = PBXBuildFile; fileRef = 379949202469875100742352 /* SceneDelegate.swift */; };
		379949232469875100742352 /* ContentView.swift in Sources */ = {isa = PBXBuildFile; fileRef = 379949222469875100742352 /* ContentView.swift */; };
		379949252469875300742352 /* Assets.xcassets in Resources */ = {isa = PBXBuildFile; fileRef = 379949242469875300742352 /* Assets.xcassets */; };
		379949282469875300742352 /* Preview Assets.xcassets in Resources */ = {isa = PBXBuildFile; fileRef = 379949272469875300742352 /* Preview Assets.xcassets */; };
		3799492B2469875300742352 /* LaunchScreen.storyboard in Resources */ = {isa = PBXBuildFile; fileRef = 379949292469875300742352 /* LaunchScreen.storyboard */; };
		379949332469B96100742352 /* GoogleService-Info.plist in Resources */ = {isa = PBXBuildFile; fileRef = 379949322469B96100742352 /* GoogleService-Info.plist */; };
		37994937246A93C800742352 /* FireBaseMethods.swift in Sources */ = {isa = PBXBuildFile; fileRef = 37994936246A93C800742352 /* FireBaseMethods.swift */; };
		37994939246A93F400742352 /* Models.swift in Sources */ = {isa = PBXBuildFile; fileRef = 37994938246A93F400742352 /* Models.swift */; };
		68101FE22477E4AE0073432A /* ViewRouter.swift in Sources */ = {isa = PBXBuildFile; fileRef = 68101FE12477E4AE0073432A /* ViewRouter.swift */; };
		68101FE42477E4F00073432A /* MotherView.swift in Sources */ = {isa = PBXBuildFile; fileRef = 68101FE32477E4F00073432A /* MotherView.swift */; };
		6836BBEA2475646400376F54 /* AddView.swift in Sources */ = {isa = PBXBuildFile; fileRef = 6836BBE92475646400376F54 /* AddView.swift */; };
		6836BBEC2475646F00376F54 /* QRTokenView.swift in Sources */ = {isa = PBXBuildFile; fileRef = 6836BBEB2475646F00376F54 /* QRTokenView.swift */; };
		6836BBEE2475647800376F54 /* OfflineAddView.swift in Sources */ = {isa = PBXBuildFile; fileRef = 6836BBED2475647800376F54 /* OfflineAddView.swift */; };
		68C2B3E424758B290000D12C /* TabBarView.swift in Sources */ = {isa = PBXBuildFile; fileRef = 68C2B3DF24758B290000D12C /* TabBarView.swift */; };
		68C2B3E524758B290000D12C /* HostLogin.swift in Sources */ = {isa = PBXBuildFile; fileRef = 68C2B3E024758B290000D12C /* HostLogin.swift */; };
		68C2B3E624758B290000D12C /* ProfileView.swift in Sources */ = {isa = PBXBuildFile; fileRef = 68C2B3E124758B290000D12C /* ProfileView.swift */; };
		68C2B3E724758B290000D12C /* HomeView.swift in Sources */ = {isa = PBXBuildFile; fileRef = 68C2B3E224758B290000D12C /* HomeView.swift */; };
		68C2B3E824758B290000D12C /* StartView.swift in Sources */ = {isa = PBXBuildFile; fileRef = 68C2B3E324758B290000D12C /* StartView.swift */; };
		68C2B3EC24758B670000D12C /* HostSignup.swift in Sources */ = {isa = PBXBuildFile; fileRef = 68C2B3E924758B670000D12C /* HostSignup.swift */; };
		68C2B3ED24758B670000D12C /* ListRow.swift in Sources */ = {isa = PBXBuildFile; fileRef = 68C2B3EA24758B670000D12C /* ListRow.swift */; };
		68C2B3EE24758B670000D12C /* ListView.swift in Sources */ = {isa = PBXBuildFile; fileRef = 68C2B3EB24758B670000D12C /* ListView.swift */; };
		68C2B3F024758E750000D12C /* SignupDoneView.swift in Sources */ = {isa = PBXBuildFile; fileRef = 68C2B3EF24758E750000D12C /* SignupDoneView.swift */; };
		76DD4AA9259696AB00C046A2 /* Pods_Fifo.framework in Frameworks */ = {isa = PBXBuildFile; fileRef = 6B01E90EB6E6B2AB891F0ED1 /* Pods_Fifo.framework */; };
/* End PBXBuildFile section */

/* Begin PBXFileReference section */
		3799491B2469875100742352 /* Fifo.app */ = {isa = PBXFileReference; explicitFileType = wrapper.application; includeInIndex = 0; path = Fifo.app; sourceTree = BUILT_PRODUCTS_DIR; };
		3799491E2469875100742352 /* AppDelegate.swift */ = {isa = PBXFileReference; lastKnownFileType = sourcecode.swift; path = AppDelegate.swift; sourceTree = "<group>"; };
		379949202469875100742352 /* SceneDelegate.swift */ = {isa = PBXFileReference; lastKnownFileType = sourcecode.swift; path = SceneDelegate.swift; sourceTree = "<group>"; };
		379949222469875100742352 /* ContentView.swift */ = {isa = PBXFileReference; lastKnownFileType = sourcecode.swift; path = ContentView.swift; sourceTree = "<group>"; };
		379949242469875300742352 /* Assets.xcassets */ = {isa = PBXFileReference; lastKnownFileType = folder.assetcatalog; path = Assets.xcassets; sourceTree = "<group>"; };
		379949272469875300742352 /* Preview Assets.xcassets */ = {isa = PBXFileReference; lastKnownFileType = folder.assetcatalog; path = "Preview Assets.xcassets"; sourceTree = "<group>"; };
		3799492A2469875300742352 /* Base */ = {isa = PBXFileReference; lastKnownFileType = file.storyboard; name = Base; path = Base.lproj/LaunchScreen.storyboard; sourceTree = "<group>"; };
		3799492C2469875300742352 /* Info.plist */ = {isa = PBXFileReference; lastKnownFileType = text.plist.xml; path = Info.plist; sourceTree = "<group>"; };
		379949322469B96100742352 /* GoogleService-Info.plist */ = {isa = PBXFileReference; fileEncoding = 4; lastKnownFileType = text.plist.xml; path = "GoogleService-Info.plist"; sourceTree = "<group>"; };
		37994936246A93C800742352 /* FireBaseMethods.swift */ = {isa = PBXFileReference; lastKnownFileType = sourcecode.swift; path = FireBaseMethods.swift; sourceTree = "<group>"; };
		37994938246A93F400742352 /* Models.swift */ = {isa = PBXFileReference; lastKnownFileType = sourcecode.swift; path = Models.swift; sourceTree = "<group>"; };
		62D762EC62969FC20E7A0DC3 /* Pods-Fifo.release.xcconfig */ = {isa = PBXFileReference; includeInIndex = 1; lastKnownFileType = text.xcconfig; name = "Pods-Fifo.release.xcconfig"; path = "Target Support Files/Pods-Fifo/Pods-Fifo.release.xcconfig"; sourceTree = "<group>"; };
		68101FE12477E4AE0073432A /* ViewRouter.swift */ = {isa = PBXFileReference; lastKnownFileType = sourcecode.swift; path = ViewRouter.swift; sourceTree = "<group>"; };
		68101FE32477E4F00073432A /* MotherView.swift */ = {isa = PBXFileReference; lastKnownFileType = sourcecode.swift; path = MotherView.swift; sourceTree = "<group>"; };
		6836BBE92475646400376F54 /* AddView.swift */ = {isa = PBXFileReference; lastKnownFileType = sourcecode.swift; path = AddView.swift; sourceTree = "<group>"; };
		6836BBEB2475646F00376F54 /* QRTokenView.swift */ = {isa = PBXFileReference; lastKnownFileType = sourcecode.swift; path = QRTokenView.swift; sourceTree = "<group>"; };
		6836BBED2475647800376F54 /* OfflineAddView.swift */ = {isa = PBXFileReference; lastKnownFileType = sourcecode.swift; path = OfflineAddView.swift; sourceTree = "<group>"; };
		68C2B3DF24758B290000D12C /* TabBarView.swift */ = {isa = PBXFileReference; fileEncoding = 4; lastKnownFileType = sourcecode.swift; path = TabBarView.swift; sourceTree = "<group>"; };
		68C2B3E024758B290000D12C /* HostLogin.swift */ = {isa = PBXFileReference; fileEncoding = 4; lastKnownFileType = sourcecode.swift; path = HostLogin.swift; sourceTree = "<group>"; };
		68C2B3E124758B290000D12C /* ProfileView.swift */ = {isa = PBXFileReference; fileEncoding = 4; lastKnownFileType = sourcecode.swift; path = ProfileView.swift; sourceTree = "<group>"; };
		68C2B3E224758B290000D12C /* HomeView.swift */ = {isa = PBXFileReference; fileEncoding = 4; lastKnownFileType = sourcecode.swift; path = HomeView.swift; sourceTree = "<group>"; };
		68C2B3E324758B290000D12C /* StartView.swift */ = {isa = PBXFileReference; fileEncoding = 4; lastKnownFileType = sourcecode.swift; path = StartView.swift; sourceTree = "<group>"; };
		68C2B3E924758B670000D12C /* HostSignup.swift */ = {isa = PBXFileReference; fileEncoding = 4; lastKnownFileType = sourcecode.swift; path = HostSignup.swift; sourceTree = "<group>"; };
		68C2B3EA24758B670000D12C /* ListRow.swift */ = {isa = PBXFileReference; fileEncoding = 4; lastKnownFileType = sourcecode.swift; path = ListRow.swift; sourceTree = "<group>"; };
		68C2B3EB24758B670000D12C /* ListView.swift */ = {isa = PBXFileReference; fileEncoding = 4; lastKnownFileType = sourcecode.swift; path = ListView.swift; sourceTree = "<group>"; };
		68C2B3EF24758E750000D12C /* SignupDoneView.swift */ = {isa = PBXFileReference; lastKnownFileType = sourcecode.swift; path = SignupDoneView.swift; sourceTree = "<group>"; };
		6B01E90EB6E6B2AB891F0ED1 /* Pods_Fifo.framework */ = {isa = PBXFileReference; explicitFileType = wrapper.framework; includeInIndex = 0; path = Pods_Fifo.framework; sourceTree = BUILT_PRODUCTS_DIR; };
		CEC56D4FB4FF41F08105A58A /* Pods-Fifo.debug.xcconfig */ = {isa = PBXFileReference; includeInIndex = 1; lastKnownFileType = text.xcconfig; name = "Pods-Fifo.debug.xcconfig"; path = "Target Support Files/Pods-Fifo/Pods-Fifo.debug.xcconfig"; sourceTree = "<group>"; };
/* End PBXFileReference section */

/* Begin PBXFrameworksBuildPhase section */
		379949182469875100742352 /* Frameworks */ = {
			isa = PBXFrameworksBuildPhase;
			buildActionMask = 2147483647;
			files = (
				76DD4AA9259696AB00C046A2 /* Pods_Fifo.framework in Frameworks */,
			);
			runOnlyForDeploymentPostprocessing = 0;
		};
/* End PBXFrameworksBuildPhase section */

/* Begin PBXGroup section */
		29373C9F0191F7EF1CEF8A3D /* Pods */ = {
			isa = PBXGroup;
			children = (
				CEC56D4FB4FF41F08105A58A /* Pods-Fifo.debug.xcconfig */,
				62D762EC62969FC20E7A0DC3 /* Pods-Fifo.release.xcconfig */,
			);
			path = Pods;
			sourceTree = "<group>";
		};
		379949122469875100742352 = {
			isa = PBXGroup;
			children = (
				3799491D2469875100742352 /* Fifo */,
				3799491C2469875100742352 /* Products */,
				29373C9F0191F7EF1CEF8A3D /* Pods */,
				D505DF6E6188369E77374F1E /* Frameworks */,
			);
			sourceTree = "<group>";
		};
		3799491C2469875100742352 /* Products */ = {
			isa = PBXGroup;
			children = (
				3799491B2469875100742352 /* Fifo.app */,
			);
			name = Products;
			sourceTree = "<group>";
		};
		3799491D2469875100742352 /* Fifo */ = {
			isa = PBXGroup;
			children = (
				3799491E2469875100742352 /* AppDelegate.swift */,
				379949202469875100742352 /* SceneDelegate.swift */,
				37994934246A939200742352 /* Views */,
				37994935246A93A000742352 /* DataHandlers */,
				379949242469875300742352 /* Assets.xcassets */,
				379949292469875300742352 /* LaunchScreen.storyboard */,
				3799492C2469875300742352 /* Info.plist */,
				379949322469B96100742352 /* GoogleService-Info.plist */,
				379949262469875300742352 /* Preview Content */,
			);
			path = Fifo;
			sourceTree = "<group>";
		};
		379949262469875300742352 /* Preview Content */ = {
			isa = PBXGroup;
			children = (
				379949272469875300742352 /* Preview Assets.xcassets */,
			);
			path = "Preview Content";
			sourceTree = "<group>";
		};
		37994934246A939200742352 /* Views */ = {
			isa = PBXGroup;
			children = (
				68C2B3E924758B670000D12C /* HostSignup.swift */,
				68C2B3E024758B290000D12C /* HostLogin.swift */,
				68C2B3EA24758B670000D12C /* ListRow.swift */,
				68C2B3EB24758B670000D12C /* ListView.swift */,
				379949222469875100742352 /* ContentView.swift */,
				68C2B3E224758B290000D12C /* HomeView.swift */,
				68101FE32477E4F00073432A /* MotherView.swift */,
				68C2B3E124758B290000D12C /* ProfileView.swift */,
				68C2B3E324758B290000D12C /* StartView.swift */,
				68101FE12477E4AE0073432A /* ViewRouter.swift */,
				68C2B3DF24758B290000D12C /* TabBarView.swift */,
				6836BBE92475646400376F54 /* AddView.swift */,
				6836BBEB2475646F00376F54 /* QRTokenView.swift */,
				6836BBED2475647800376F54 /* OfflineAddView.swift */,
				68C2B3EF24758E750000D12C /* SignupDoneView.swift */,
			);
			path = Views;
			sourceTree = "<group>";
		};
		37994935246A93A000742352 /* DataHandlers */ = {
			isa = PBXGroup;
			children = (
				37994936246A93C800742352 /* FireBaseMethods.swift */,
				37994938246A93F400742352 /* Models.swift */,
			);
			path = DataHandlers;
			sourceTree = "<group>";
		};
		D505DF6E6188369E77374F1E /* Frameworks */ = {
			isa = PBXGroup;
			children = (
				6B01E90EB6E6B2AB891F0ED1 /* Pods_Fifo.framework */,
			);
			name = Frameworks;
			sourceTree = "<group>";
		};
/* End PBXGroup section */

/* Begin PBXNativeTarget section */
		3799491A2469875100742352 /* Fifo */ = {
			isa = PBXNativeTarget;
			buildConfigurationList = 3799492F2469875300742352 /* Build configuration list for PBXNativeTarget "Fifo" */;
			buildPhases = (
				3CE632D9E033DAEFCE264C4C /* [CP] Check Pods Manifest.lock */,
				379949172469875100742352 /* Sources */,
				379949182469875100742352 /* Frameworks */,
				379949192469875100742352 /* Resources */,
				BD592ACD5452D12B88DB1404 /* [CP] Embed Pods Frameworks */,
			);
			buildRules = (
			);
			dependencies = (
			);
			name = Fifo;
			productName = Fifo;
			productReference = 3799491B2469875100742352 /* Fifo.app */;
			productType = "com.apple.product-type.application";
		};
/* End PBXNativeTarget section */

/* Begin PBXProject section */
		379949132469875100742352 /* Project object */ = {
			isa = PBXProject;
			attributes = {
				LastSwiftUpdateCheck = 1140;
				LastUpgradeCheck = 1140;
				ORGANIZATIONNAME = GueTeam;
				TargetAttributes = {
					3799491A2469875100742352 = {
						CreatedOnToolsVersion = 11.4.1;
					};
				};
			};
			buildConfigurationList = 379949162469875100742352 /* Build configuration list for PBXProject "Fifo" */;
			compatibilityVersion = "Xcode 9.3";
			developmentRegion = en;
			hasScannedForEncodings = 0;
			knownRegions = (
				en,
				Base,
			);
			mainGroup = 379949122469875100742352;
			productRefGroup = 3799491C2469875100742352 /* Products */;
			projectDirPath = "";
			projectRoot = "";
			targets = (
				3799491A2469875100742352 /* Fifo */,
			);
		};
/* End PBXProject section */

/* Begin PBXResourcesBuildPhase section */
		379949192469875100742352 /* Resources */ = {
			isa = PBXResourcesBuildPhase;
			buildActionMask = 2147483647;
			files = (
				3799492B2469875300742352 /* LaunchScreen.storyboard in Resources */,
				379949332469B96100742352 /* GoogleService-Info.plist in Resources */,
				379949282469875300742352 /* Preview Assets.xcassets in Resources */,
				379949252469875300742352 /* Assets.xcassets in Resources */,
			);
			runOnlyForDeploymentPostprocessing = 0;
		};
/* End PBXResourcesBuildPhase section */

/* Begin PBXShellScriptBuildPhase section */
		3CE632D9E033DAEFCE264C4C /* [CP] Check Pods Manifest.lock */ = {
			isa = PBXShellScriptBuildPhase;
			buildActionMask = 2147483647;
			files = (
			);
			inputFileListPaths = (
			);
			inputPaths = (
				"${PODS_PODFILE_DIR_PATH}/Podfile.lock",
				"${PODS_ROOT}/Manifest.lock",
			);
			name = "[CP] Check Pods Manifest.lock";
			outputFileListPaths = (
			);
			outputPaths = (
				"$(DERIVED_FILE_DIR)/Pods-Fifo-checkManifestLockResult.txt",
			);
			runOnlyForDeploymentPostprocessing = 0;
			shellPath = /bin/sh;
			shellScript = "diff \"${PODS_PODFILE_DIR_PATH}/Podfile.lock\" \"${PODS_ROOT}/Manifest.lock\" > /dev/null\nif [ $? != 0 ] ; then\n    # print error to STDERR\n    echo \"error: The sandbox is not in sync with the Podfile.lock. Run 'pod install' or update your CocoaPods installation.\" >&2\n    exit 1\nfi\n# This output is used by Xcode 'outputs' to avoid re-running this script phase.\necho \"SUCCESS\" > \"${SCRIPT_OUTPUT_FILE_0}\"\n";
			showEnvVarsInLog = 0;
		};
		BD592ACD5452D12B88DB1404 /* [CP] Embed Pods Frameworks */ = {
			isa = PBXShellScriptBuildPhase;
			buildActionMask = 2147483647;
			files = (
			);
			inputFileListPaths = (
				"${PODS_ROOT}/Target Support Files/Pods-Fifo/Pods-Fifo-frameworks-${CONFIGURATION}-input-files.xcfilelist",
			);
			name = "[CP] Embed Pods Frameworks";
			outputFileListPaths = (
				"${PODS_ROOT}/Target Support Files/Pods-Fifo/Pods-Fifo-frameworks-${CONFIGURATION}-output-files.xcfilelist",
			);
			runOnlyForDeploymentPostprocessing = 0;
			shellPath = /bin/sh;
			shellScript = "\"${PODS_ROOT}/Target Support Files/Pods-Fifo/Pods-Fifo-frameworks.sh\"\n";
			showEnvVarsInLog = 0;
		};
/* End PBXShellScriptBuildPhase section */

/* Begin PBXSourcesBuildPhase section */
		379949172469875100742352 /* Sources */ = {
			isa = PBXSourcesBuildPhase;
			buildActionMask = 2147483647;
			files = (
				68C2B3EE24758B670000D12C /* ListView.swift in Sources */,
				68C2B3E424758B290000D12C /* TabBarView.swift in Sources */,
				6836BBEA2475646400376F54 /* AddView.swift in Sources */,
				3799491F2469875100742352 /* AppDelegate.swift in Sources */,
				68C2B3F024758E750000D12C /* SignupDoneView.swift in Sources */,
				37994937246A93C800742352 /* FireBaseMethods.swift in Sources */,
				68C2B3E824758B290000D12C /* StartView.swift in Sources */,
				379949212469875100742352 /* SceneDelegate.swift in Sources */,
				68C2B3E524758B290000D12C /* HostLogin.swift in Sources */,
				68101FE22477E4AE0073432A /* ViewRouter.swift in Sources */,
				6836BBEE2475647800376F54 /* OfflineAddView.swift in Sources */,
				379949232469875100742352 /* ContentView.swift in Sources */,
				68C2B3E724758B290000D12C /* HomeView.swift in Sources */,
				68C2B3E624758B290000D12C /* ProfileView.swift in Sources */,
				6836BBEC2475646F00376F54 /* QRTokenView.swift in Sources */,
				37994939246A93F400742352 /* Models.swift in Sources */,
				68C2B3EC24758B670000D12C /* HostSignup.swift in Sources */,
				68101FE42477E4F00073432A /* MotherView.swift in Sources */,
				68C2B3ED24758B670000D12C /* ListRow.swift in Sources */,
			);
			runOnlyForDeploymentPostprocessing = 0;
		};
/* End PBXSourcesBuildPhase section */

/* Begin PBXVariantGroup section */
		379949292469875300742352 /* LaunchScreen.storyboard */ = {
			isa = PBXVariantGroup;
			children = (
				3799492A2469875300742352 /* Base */,
			);
			name = LaunchScreen.storyboard;
			sourceTree = "<group>";
		};
/* End PBXVariantGroup section */

/* Begin XCBuildConfiguration section */
		3799492D2469875300742352 /* Debug */ = {
			isa = XCBuildConfiguration;
			buildSettings = {
				ALWAYS_SEARCH_USER_PATHS = NO;
				CLANG_ANALYZER_NONNULL = YES;
				CLANG_ANALYZER_NUMBER_OBJECT_CONVERSION = YES_AGGRESSIVE;
				CLANG_CXX_LANGUAGE_STANDARD = "gnu++14";
				CLANG_CXX_LIBRARY = "libc++";
				CLANG_ENABLE_MODULES = YES;
				CLANG_ENABLE_OBJC_ARC = YES;
				CLANG_ENABLE_OBJC_WEAK = YES;
				CLANG_WARN_BLOCK_CAPTURE_AUTORELEASING = YES;
				CLANG_WARN_BOOL_CONVERSION = YES;
				CLANG_WARN_COMMA = YES;
				CLANG_WARN_CONSTANT_CONVERSION = YES;
				CLANG_WARN_DEPRECATED_OBJC_IMPLEMENTATIONS = YES;
				CLANG_WARN_DIRECT_OBJC_ISA_USAGE = YES_ERROR;
				CLANG_WARN_DOCUMENTATION_COMMENTS = YES;
				CLANG_WARN_EMPTY_BODY = YES;
				CLANG_WARN_ENUM_CONVERSION = YES;
				CLANG_WARN_INFINITE_RECURSION = YES;
				CLANG_WARN_INT_CONVERSION = YES;
				CLANG_WARN_NON_LITERAL_NULL_CONVERSION = YES;
				CLANG_WARN_OBJC_IMPLICIT_RETAIN_SELF = YES;
				CLANG_WARN_OBJC_LITERAL_CONVERSION = YES;
				CLANG_WARN_OBJC_ROOT_CLASS = YES_ERROR;
				CLANG_WARN_RANGE_LOOP_ANALYSIS = YES;
				CLANG_WARN_STRICT_PROTOTYPES = YES;
				CLANG_WARN_SUSPICIOUS_MOVE = YES;
				CLANG_WARN_UNGUARDED_AVAILABILITY = YES_AGGRESSIVE;
				CLANG_WARN_UNREACHABLE_CODE = YES;
				CLANG_WARN__DUPLICATE_METHOD_MATCH = YES;
				COPY_PHASE_STRIP = NO;
				DEBUG_INFORMATION_FORMAT = dwarf;
				ENABLE_STRICT_OBJC_MSGSEND = YES;
				ENABLE_TESTABILITY = YES;
				GCC_C_LANGUAGE_STANDARD = gnu11;
				GCC_DYNAMIC_NO_PIC = NO;
				GCC_NO_COMMON_BLOCKS = YES;
				GCC_OPTIMIZATION_LEVEL = 0;
				GCC_PREPROCESSOR_DEFINITIONS = (
					"DEBUG=1",
					"$(inherited)",
				);
				GCC_WARN_64_TO_32_BIT_CONVERSION = YES;
				GCC_WARN_ABOUT_RETURN_TYPE = YES_ERROR;
				GCC_WARN_UNDECLARED_SELECTOR = YES;
				GCC_WARN_UNINITIALIZED_AUTOS = YES_AGGRESSIVE;
				GCC_WARN_UNUSED_FUNCTION = YES;
				GCC_WARN_UNUSED_VARIABLE = YES;
				IPHONEOS_DEPLOYMENT_TARGET = 13.4;
				MTL_ENABLE_DEBUG_INFO = INCLUDE_SOURCE;
				MTL_FAST_MATH = YES;
				ONLY_ACTIVE_ARCH = YES;
				SDKROOT = iphoneos;
				SWIFT_ACTIVE_COMPILATION_CONDITIONS = DEBUG;
				SWIFT_OPTIMIZATION_LEVEL = "-Onone";
			};
			name = Debug;
		};
		3799492E2469875300742352 /* Release */ = {
			isa = XCBuildConfiguration;
			buildSettings = {
				ALWAYS_SEARCH_USER_PATHS = NO;
				CLANG_ANALYZER_NONNULL = YES;
				CLANG_ANALYZER_NUMBER_OBJECT_CONVERSION = YES_AGGRESSIVE;
				CLANG_CXX_LANGUAGE_STANDARD = "gnu++14";
				CLANG_CXX_LIBRARY = "libc++";
				CLANG_ENABLE_MODULES = YES;
				CLANG_ENABLE_OBJC_ARC = YES;
				CLANG_ENABLE_OBJC_WEAK = YES;
				CLANG_WARN_BLOCK_CAPTURE_AUTORELEASING = YES;
				CLANG_WARN_BOOL_CONVERSION = YES;
				CLANG_WARN_COMMA = YES;
				CLANG_WARN_CONSTANT_CONVERSION = YES;
				CLANG_WARN_DEPRECATED_OBJC_IMPLEMENTATIONS = YES;
				CLANG_WARN_DIRECT_OBJC_ISA_USAGE = YES_ERROR;
				CLANG_WARN_DOCUMENTATION_COMMENTS = YES;
				CLANG_WARN_EMPTY_BODY = YES;
				CLANG_WARN_ENUM_CONVERSION = YES;
				CLANG_WARN_INFINITE_RECURSION = YES;
				CLANG_WARN_INT_CONVERSION = YES;
				CLANG_WARN_NON_LITERAL_NULL_CONVERSION = YES;
				CLANG_WARN_OBJC_IMPLICIT_RETAIN_SELF = YES;
				CLANG_WARN_OBJC_LITERAL_CONVERSION = YES;
				CLANG_WARN_OBJC_ROOT_CLASS = YES_ERROR;
				CLANG_WARN_RANGE_LOOP_ANALYSIS = YES;
				CLANG_WARN_STRICT_PROTOTYPES = YES;
				CLANG_WARN_SUSPICIOUS_MOVE = YES;
				CLANG_WARN_UNGUARDED_AVAILABILITY = YES_AGGRESSIVE;
				CLANG_WARN_UNREACHABLE_CODE = YES;
				CLANG_WARN__DUPLICATE_METHOD_MATCH = YES;
				COPY_PHASE_STRIP = NO;
				DEBUG_INFORMATION_FORMAT = "dwarf-with-dsym";
				ENABLE_NS_ASSERTIONS = NO;
				ENABLE_STRICT_OBJC_MSGSEND = YES;
				GCC_C_LANGUAGE_STANDARD = gnu11;
				GCC_NO_COMMON_BLOCKS = YES;
				GCC_WARN_64_TO_32_BIT_CONVERSION = YES;
				GCC_WARN_ABOUT_RETURN_TYPE = YES_ERROR;
				GCC_WARN_UNDECLARED_SELECTOR = YES;
				GCC_WARN_UNINITIALIZED_AUTOS = YES_AGGRESSIVE;
				GCC_WARN_UNUSED_FUNCTION = YES;
				GCC_WARN_UNUSED_VARIABLE = YES;
				IPHONEOS_DEPLOYMENT_TARGET = 13.4;
				MTL_ENABLE_DEBUG_INFO = NO;
				MTL_FAST_MATH = YES;
				SDKROOT = iphoneos;
				SWIFT_COMPILATION_MODE = wholemodule;
				SWIFT_OPTIMIZATION_LEVEL = "-O";
				VALIDATE_PRODUCT = YES;
			};
			name = Release;
		};
		379949302469875300742352 /* Debug */ = {
			isa = XCBuildConfiguration;
			baseConfigurationReference = CEC56D4FB4FF41F08105A58A /* Pods-Fifo.debug.xcconfig */;
			buildSettings = {
				ASSETCATALOG_COMPILER_APPICON_NAME = AppIcon;
				CODE_SIGN_STYLE = Automatic;
				DEVELOPMENT_ASSET_PATHS = "\"Fifo/Preview Content\"";
				DEVELOPMENT_TEAM = QN5JJ5XQZ6;
				ENABLE_PREVIEWS = YES;
				INFOPLIST_FILE = Fifo/Info.plist;
				LD_RUNPATH_SEARCH_PATHS = (
					"$(inherited)",
					"@executable_path/Frameworks",
				);
				PRODUCT_BUNDLE_IDENTIFIER = GueTeam.Fifo;
				PRODUCT_NAME = "$(TARGET_NAME)";
				SWIFT_VERSION = 5.0;
				TARGETED_DEVICE_FAMILY = "1,2";
			};
			name = Debug;
		};
		379949312469875300742352 /* Release */ = {
			isa = XCBuildConfiguration;
			baseConfigurationReference = 62D762EC62969FC20E7A0DC3 /* Pods-Fifo.release.xcconfig */;
			buildSettings = {
				ASSETCATALOG_COMPILER_APPICON_NAME = AppIcon;
				CODE_SIGN_STYLE = Automatic;
				DEVELOPMENT_ASSET_PATHS = "\"Fifo/Preview Content\"";
				DEVELOPMENT_TEAM = QN5JJ5XQZ6;
				ENABLE_PREVIEWS = YES;
				INFOPLIST_FILE = Fifo/Info.plist;
				LD_RUNPATH_SEARCH_PATHS = (
					"$(inherited)",
					"@executable_path/Frameworks",
				);
				PRODUCT_BUNDLE_IDENTIFIER = GueTeam.Fifo;
				PRODUCT_NAME = "$(TARGET_NAME)";
				SWIFT_VERSION = 5.0;
				TARGETED_DEVICE_FAMILY = "1,2";
			};
			name = Release;
		};
/* End XCBuildConfiguration section */

/* Begin XCConfigurationList section */
		379949162469875100742352 /* Build configuration list for PBXProject "Fifo" */ = {
			isa = XCConfigurationList;
			buildConfigurations = (
				3799492D2469875300742352 /* Debug */,
				3799492E2469875300742352 /* Release */,
			);
			defaultConfigurationIsVisible = 0;
			defaultConfigurationName = Release;
		};
		3799492F2469875300742352 /* Build configuration list for PBXNativeTarget "Fifo" */ = {
			isa = XCConfigurationList;
			buildConfigurations = (
				379949302469875300742352 /* Debug */,
				379949312469875300742352 /* Release */,
			);
			defaultConfigurationIsVisible = 0;
			defaultConfigurationName = Release;
		};
/* End XCConfigurationList section */
	};
	rootObject = 379949132469875100742352 /* Project object */;
}
